<?xml version="1.0" encoding="utf-8"?>
<Project ToolsVersion="4.0" xmlns="http://schemas.microsoft.com/developer/msbuild/2003">
  <ItemGroup>
    <Filter Include="Source Files">
      <UniqueIdentifier>{4FC737F1-C7A5-4376-A066-2A32D752A2FF}</UniqueIdentifier>
      <Extensions>cpp;c;cc;cxx;def;odl;idl;hpj;bat;asm;asmx</Extensions>
    </Filter>
    <Filter Include="Header Files">
      <UniqueIdentifier>{93995380-89BD-4b04-88EB-625FBE52EBFB}</UniqueIdentifier>
      <Extensions>h;hpp;hxx;hm;inl;inc;xsd</Extensions>
    </Filter>
    <Filter Include="Resource Files">
      <UniqueIdentifier>{67DA6AB6-F800-4c08-8B7A-83BB121AAD01}</UniqueIdentifier>
      <Extensions>rc;ico;cur;bmp;dlg;rc2;rct;bin;rgs;gif;jpg;jpeg;jpe;resx;tiff;tif;png;wav;mfcribbon-ms</Extensions>
    </Filter>
    <Filter Include="Header Files\Models">
      <UniqueIdentifier>{24857fce-645c-43db-8063-0f67df25e1f9}</UniqueIdentifier>
    </Filter>
    <Filter Include="Header Files\Renderable">
      <UniqueIdentifier>{fae447b2-0397-4875-9221-b9456362a84e}</UniqueIdentifier>
    </Filter>
    <Filter Include="Header Files\Geometry">
      <UniqueIdentifier>{06198751-b2ba-4e33-b99e-91ddaa46b0ec}</UniqueIdentifier>
    </Filter>
    <Filter Include="Resource Files\Geometry">
      <UniqueIdentifier>{bbc2ff64-8b35-4f62-b1d1-80dab93ff623}</UniqueIdentifier>
    </Filter>
    <Filter Include="Resource Files\Models">
      <UniqueIdentifier>{0f241f62-d7f4-47f5-beac-865bef4db8cf}</UniqueIdentifier>
    </Filter>
    <Filter Include="Resource Files\Renderable">
      <UniqueIdentifier>{b3387b1d-8993-4c1e-a846-8e50f761b9e2}</UniqueIdentifier>
    </Filter>
  </ItemGroup>
  <ItemGroup>
    <ClCompile Include="Sphere.cpp">
      <Filter>Resource Files\Geometry</Filter>
    </ClCompile>
    <ClCompile Include="Vertex.cpp">
      <Filter>Resource Files\Geometry</Filter>
    </ClCompile>
    <ClCompile Include="Triangle.cpp">
      <Filter>Resource Files\Geometry</Filter>
    </ClCompile>
    <ClCompile Include="Asteroid.cpp">
      <Filter>Resource Files\Renderable</Filter>
    </ClCompile>
    <ClCompile Include="AsteroidModel.cpp">
      <Filter>Resource Files\Models</Filter>
    </ClCompile>
    <ClCompile Include="TriangleModel.cpp">
      <Filter>Resource Files\Models</Filter>
    </ClCompile>
    <ClCompile Include="Renderable.cpp">
      <Filter>Resource Files\Renderable</Filter>
    </ClCompile>
    <ClCompile Include="ModelScene.cpp">
      <Filter>Source Files</Filter>
    </ClCompile>
    <ClCompile Include="hw1_main.cpp">
      <Filter>Source Files</Filter>
    </ClCompile>
    <ClCompile Include="opengl.cpp">
      <Filter>Source Files</Filter>
    </ClCompile>
    <ClCompile Include="EnemyShipModel.cpp">
      <Filter>Resource Files\Models</Filter>
    </ClCompile>
    <ClCompile Include="PlayerShipModel.cpp">
      <Filter>Resource Files\Models</Filter>
    </ClCompile>
    <ClCompile Include="PlayerShip.cpp">
      <Filter>Resource Files\Renderable</Filter>
    </ClCompile>
    <ClCompile Include="EnemyShip.cpp">
      <Filter>Resource Files\Renderable</Filter>
    </ClCompile>
  </ItemGroup>
  <ItemGroup>
    <ClInclude Include="AsteroidModel.h">
      <Filter>Header Files\Models</Filter>
    </ClInclude>
    <ClInclude Include="Model.h">
      <Filter>Header Files\Models</Filter>
    </ClInclude>
    <ClInclude Include="PlayerShipModel.h">
      <Filter>Header Files\Models</Filter>
    </ClInclude>
    <ClInclude Include="EnemyShipModel.h">
      <Filter>Header Files\Models</Filter>
    </ClInclude>
    <ClInclude Include="Asteroid.h">
      <Filter>Header Files\Renderable</Filter>
    </ClInclude>
    <ClInclude Include="PlayerShip.h">
      <Filter>Header Files\Renderable</Filter>
    </ClInclude>
    <ClInclude Include="EnemyShip.h">
      <Filter>Header Files\Renderable</Filter>
    </ClInclude>
    <ClInclude Include="Scene.h">
      <Filter>Header Files</Filter>
    </ClInclude>
    <ClInclude Include="Level.h">
      <Filter>Header Files</Filter>
    </ClInclude>
    <ClInclude Include="Sphere.h">
      <Filter>Header Files\Geometry</Filter>
    </ClInclude>
    <ClInclude Include="Triangle.h">
      <Filter>Header Files\Geometry</Filter>
    </ClInclude>
    <ClInclude Include="Vertex.h">
      <Filter>Header Files\Geometry</Filter>
    </ClInclude>
    <ClInclude Include="Renderable.h">
      <Filter>Header Files\Renderable</Filter>
    </ClInclude>
    <ClInclude Include="TriangleModel.h">
      <Filter>Header Files\Models</Filter>
    </ClInclude>
  </ItemGroup>
</Project>